{
    "version": 3,
    "terraform_version": "0.11.11",
    "serial": 3,
    "lineage": "cd16697a-5486-ddb2-e347-24b2ece2f649",
    "modules": [
        {
            "path": [
                "root"
            ],
            "outputs": {},
            "resources": {
                "azurerm_resource_group.NetworkProd": {
                    "type": "azurerm_resource_group",
                    "depends_on": [],
                    "primary": {
                        "id": "/subscriptions/6d82d6cd-2bcc-4588-8db1-1e2c8c763f56/resourceGroups/WUS-RG-VFA-ProdVnet",
                        "attributes": {
                            "id": "/subscriptions/6d82d6cd-2bcc-4588-8db1-1e2c8c763f56/resourceGroups/WUS-RG-VFA-ProdVnet",
                            "location": "westus",
                            "name": "WUS-RG-VFA-ProdVnet",
                            "tags.%": "1",
                            "tags.environment": "Prod"
                        },
                        "meta": {},
                        "tainted": false
                    },
                    "deposed": [],
                    "provider": "provider.azurerm"
                },
                "azurerm_resource_group.NetworkTest": {
                    "type": "azurerm_resource_group",
                    "depends_on": [],
                    "primary": {
                        "id": "/subscriptions/6d82d6cd-2bcc-4588-8db1-1e2c8c763f56/resourceGroups/WUS-RG-VFA-TestVnet",
                        "attributes": {
                            "id": "/subscriptions/6d82d6cd-2bcc-4588-8db1-1e2c8c763f56/resourceGroups/WUS-RG-VFA-TestVnet",
                            "location": "westus",
                            "name": "WUS-RG-VFA-TestVnet",
                            "tags.%": "1",
                            "tags.environment": "Test"
                        },
                        "meta": {},
                        "tainted": false
                    },
                    "deposed": [],
                    "provider": "provider.azurerm"
                },
                "azurerm_subnet.prodsqlsubnet": {
                    "type": "azurerm_subnet",
                    "depends_on": [
                        "azurerm_resource_group.NetworkProd",
                        "azurerm_virtual_network.prodnetwork"
                    ],
                    "primary": {
                        "id": "/subscriptions/6d82d6cd-2bcc-4588-8db1-1e2c8c763f56/resourceGroups/WUS-RG-VFA-ProdVnet/providers/Microsoft.Network/virtualNetworks/WUS-VNET-ProdvNet/subnets/WUS-SUB-SQL-Prod",
                        "attributes": {
                            "address_prefix": "192.168.0.32/27",
                            "delegation.#": "0",
                            "id": "/subscriptions/6d82d6cd-2bcc-4588-8db1-1e2c8c763f56/resourceGroups/WUS-RG-VFA-ProdVnet/providers/Microsoft.Network/virtualNetworks/WUS-VNET-ProdvNet/subnets/WUS-SUB-SQL-Prod",
                            "ip_configurations.#": "2",
                            "ip_configurations.1804256455": "/subscriptions/6d82d6cd-2bcc-4588-8db1-1e2c8c763f56/resourceGroups/WUS-RG-Prod-SQL/providers/Microsoft.Network/networkInterfaces/WUSVFASQlProd01-NIC/ipConfigurations/ipConfig",
                            "ip_configurations.3467290703": "/subscriptions/6d82d6cd-2bcc-4588-8db1-1e2c8c763f56/resourceGroups/WUS-RG-Test-SQL/providers/Microsoft.Network/networkInterfaces/WUSVFASQlTest01-NIC/ipConfigurations/ipConfig",
                            "name": "WUS-SUB-SQL-Prod",
                            "network_security_group_id": "",
                            "resource_group_name": "WUS-RG-VFA-ProdVnet",
                            "route_table_id": "",
                            "service_endpoints.#": "0",
                            "virtual_network_name": "WUS-VNET-ProdvNet"
                        },
                        "meta": {},
                        "tainted": false
                    },
                    "deposed": [],
                    "provider": "provider.azurerm"
                },
                "azurerm_subnet.prodwebsubnet": {
                    "type": "azurerm_subnet",
                    "depends_on": [
                        "azurerm_resource_group.NetworkProd",
                        "azurerm_virtual_network.prodnetwork"
                    ],
                    "primary": {
                        "id": "/subscriptions/6d82d6cd-2bcc-4588-8db1-1e2c8c763f56/resourceGroups/WUS-RG-VFA-ProdVnet/providers/Microsoft.Network/virtualNetworks/WUS-VNET-ProdvNet/subnets/WUS-SUB-Web-Prod",
                        "attributes": {
                            "address_prefix": "192.168.0.0/27",
                            "delegation.#": "0",
                            "id": "/subscriptions/6d82d6cd-2bcc-4588-8db1-1e2c8c763f56/resourceGroups/WUS-RG-VFA-ProdVnet/providers/Microsoft.Network/virtualNetworks/WUS-VNET-ProdvNet/subnets/WUS-SUB-Web-Prod",
                            "ip_configurations.#": "1",
                            "ip_configurations.217308525": "/subscriptions/6d82d6cd-2bcc-4588-8db1-1e2c8c763f56/resourceGroups/WUS-RG-WEb-Prod/providers/Microsoft.Network/networkInterfaces/WUSVFAWebprod01-NIC/ipConfigurations/ipConfig",
                            "name": "WUS-SUB-Web-Prod",
                            "network_security_group_id": "",
                            "resource_group_name": "WUS-RG-VFA-ProdVnet",
                            "route_table_id": "",
                            "service_endpoints.#": "0",
                            "virtual_network_name": "WUS-VNET-ProdvNet"
                        },
                        "meta": {},
                        "tainted": false
                    },
                    "deposed": [],
                    "provider": "provider.azurerm"
                },
                "azurerm_subnet.testwebsubnet": {
                    "type": "azurerm_subnet",
                    "depends_on": [
                        "azurerm_subnet.testwebsubnet"
                    ],
                    "primary": {
                        "id": "/subscriptions/6d82d6cd-2bcc-4588-8db1-1e2c8c763f56/resourceGroups/WUS-RG-VFA-TestVnet/providers/Microsoft.Network/virtualNetworks/WUS-VNET-TestVnet/subnets/WUS-SUB-Web-Test",
                        "attributes": {
                            "address_prefix": "192.168.1.0/27",
                            "delegation.#": "0",
                            "id": "/subscriptions/6d82d6cd-2bcc-4588-8db1-1e2c8c763f56/resourceGroups/WUS-RG-VFA-TestVnet/providers/Microsoft.Network/virtualNetworks/WUS-VNET-TestVnet/subnets/WUS-SUB-Web-Test",
                            "ip_configurations.#": "1",
                            "ip_configurations.936043528": "/subscriptions/6d82d6cd-2bcc-4588-8db1-1e2c8c763f56/resourceGroups/WUS-RG-WEb-Test/providers/Microsoft.Network/networkInterfaces/WUSVFAWebTest01-NIC/ipConfigurations/ipConfig",
                            "name": "WUS-SUB-Web-Test",
                            "network_security_group_id": "",
                            "resource_group_name": "WUS-RG-VFA-TestVnet",
                            "route_table_id": "",
                            "service_endpoints.#": "0",
                            "virtual_network_name": "WUS-VNET-TestVnet"
                        },
                        "meta": {},
                        "tainted": false
                    },
                    "deposed": [],
                    "provider": "provider.azurerm"
                },
                "azurerm_virtual_network.prodnetwork": {
                    "type": "azurerm_virtual_network",
                    "depends_on": [
                        "azurerm_resource_group.NetworkProd"
                    ],
                    "primary": {
                        "id": "/subscriptions/6d82d6cd-2bcc-4588-8db1-1e2c8c763f56/resourceGroups/WUS-RG-VFA-ProdVnet/providers/Microsoft.Network/virtualNetworks/WUS-VNET-ProdvNet",
                        "attributes": {
                            "address_space.#": "1",
                            "address_space.0": "192.168.0.0/24",
                            "ddos_protection_plan.#": "0",
                            "dns_servers.#": "0",
                            "id": "/subscriptions/6d82d6cd-2bcc-4588-8db1-1e2c8c763f56/resourceGroups/WUS-RG-VFA-ProdVnet/providers/Microsoft.Network/virtualNetworks/WUS-VNET-ProdvNet",
                            "location": "westus",
                            "name": "WUS-VNET-ProdvNet",
                            "resource_group_name": "WUS-RG-VFA-ProdVnet",
                            "subnet.#": "2",
                            "subnet.2034588579.address_prefix": "192.168.0.0/27",
                            "subnet.2034588579.id": "/subscriptions/6d82d6cd-2bcc-4588-8db1-1e2c8c763f56/resourceGroups/WUS-RG-VFA-ProdVnet/providers/Microsoft.Network/virtualNetworks/WUS-VNET-ProdvNet/subnets/WUS-SUB-Web-Prod",
                            "subnet.2034588579.name": "WUS-SUB-Web-Prod",
                            "subnet.2034588579.security_group": "",
                            "subnet.2429619974.address_prefix": "192.168.0.32/27",
                            "subnet.2429619974.id": "/subscriptions/6d82d6cd-2bcc-4588-8db1-1e2c8c763f56/resourceGroups/WUS-RG-VFA-ProdVnet/providers/Microsoft.Network/virtualNetworks/WUS-VNET-ProdvNet/subnets/WUS-SUB-SQL-Prod",
                            "subnet.2429619974.name": "WUS-SUB-SQL-Prod",
                            "subnet.2429619974.security_group": "",
                            "tags.%": "1",
                            "tags.environment": "Prod"
                        },
                        "meta": {},
                        "tainted": false
                    },
                    "deposed": [],
                    "provider": "provider.azurerm"
                },
                "azurerm_virtual_network.testnetwork": {
                    "type": "azurerm_virtual_network",
                    "depends_on": [
                        "azurerm_resource_group.NetworkTest"
                    ],
                    "primary": {
                        "id": "/subscriptions/6d82d6cd-2bcc-4588-8db1-1e2c8c763f56/resourceGroups/WUS-RG-VFA-TestVnet/providers/Microsoft.Network/virtualNetworks/WUS-VNET-TestVnet",
                        "attributes": {
                            "address_space.#": "1",
                            "address_space.0": "192.168.1.0/24",
                            "ddos_protection_plan.#": "0",
                            "dns_servers.#": "0",
                            "id": "/subscriptions/6d82d6cd-2bcc-4588-8db1-1e2c8c763f56/resourceGroups/WUS-RG-VFA-TestVnet/providers/Microsoft.Network/virtualNetworks/WUS-VNET-TestVnet",
                            "location": "westus",
                            "name": "WUS-VNET-TestVnet",
                            "resource_group_name": "WUS-RG-VFA-TestVnet",
                            "subnet.#": "2",
                            "subnet.1949143198.address_prefix": "192.168.1.32/27",
                            "subnet.1949143198.id": "/subscriptions/6d82d6cd-2bcc-4588-8db1-1e2c8c763f56/resourceGroups/WUS-RG-VFA-TestVnet/providers/Microsoft.Network/virtualNetworks/WUS-VNET-TestVnet/subnets/WUS-SUB-SQL-Test",
                            "subnet.1949143198.name": "WUS-SUB-SQL-Test",
                            "subnet.1949143198.security_group": "",
                            "subnet.2333460527.address_prefix": "192.168.1.0/27",
                            "subnet.2333460527.id": "/subscriptions/6d82d6cd-2bcc-4588-8db1-1e2c8c763f56/resourceGroups/WUS-RG-VFA-TestVnet/providers/Microsoft.Network/virtualNetworks/WUS-VNET-TestVnet/subnets/WUS-SUB-Web-Test",
                            "subnet.2333460527.name": "WUS-SUB-Web-Test",
                            "subnet.2333460527.security_group": "",
                            "tags.%": "1",
                            "tags.environment": "Test"
                        },
                        "meta": {},
                        "tainted": false
                    },
                    "deposed": [],
                    "provider": "provider.azurerm"
                }
            },
            "depends_on": []
        }
    ]
}
